{
  "name": "product-configuration",
  "version": "1.0.0",
  "lockfileVersion": 3,
  "requires": true,
  "packages": {
    "": {
      "name": "product-configuration",
      "version": "1.0.0",
      "license": "UNLICENSED",
      "dependencies": {
        "@shopify/ui-extensions": "2023.7.x",
        "@shopify/ui-extensions-react": "2023.7.x",
        "react": "^17.0.0"
      },
      "devDependencies": {
        "@types/react": "^17.0.0"
      }
    },
    "../../node_modules/.pnpm/@shopify+ui-extensions-react@2023.7.3_@shopify+ui-extensions@2023.7.3_react@17.0.2/node_modules/@shopify/ui-extensions-react": {
      "version": "2023.7.3",
      "license": "MIT",
      "dependencies": {
        "@remote-ui/async-subscription": "^2.1.12",
        "@remote-ui/react": "4.5.x",
        "@types/react": ">=17.0.0 <18.0.0"
      },
      "devDependencies": {
        "@faker-js/faker": "^7.6.0",
        "@quilted/react-testing": "^0.4.10",
        "@shopify/ui-extensions": "2023.7.3",
        "react": "^17.0.0"
      },
      "peerDependencies": {
        "@shopify/ui-extensions": "2023.7.3",
        "react": ">=17.0.0 <18.0.0"
      },
      "peerDependenciesMeta": {
        "@shopify/ui-extensions": {
          "optional": false
        },
        "react": {
          "optional": false
        }
      }
    },
    "../../node_modules/.pnpm/@shopify+ui-extensions@2023.7.3/node_modules/@shopify/ui-extensions": {
      "version": "2023.7.3",
      "license": "MIT",
      "dependencies": {
        "@remote-ui/async-subscription": "^2.1.12",
        "@remote-ui/core": "2.1.x"
      },
      "devDependencies": {
        "@shopify/generate-docs": "0.10.13",
        "typescript": "^4.9.0"
      }
    },
    "../../node_modules/.pnpm/@types+react@17.0.80/node_modules/@types/react": {
      "version": "17.0.80",
      "dev": true,
      "license": "MIT",
      "dependencies": {
        "@types/prop-types": "*",
        "@types/scheduler": "^0.16",
        "csstype": "^3.0.2"
      }
    },
    "../../node_modules/.pnpm/react@17.0.2/node_modules/react": {
      "version": "17.0.2",
      "license": "MIT",
      "dependencies": {
        "loose-envify": "^1.1.0",
        "object-assign": "^4.1.1"
      },
      "engines": {
        "node": ">=0.10.0"
      }
    },
    "node_modules/@shopify/ui-extensions": {
      "resolved": "../../node_modules/.pnpm/@shopify+ui-extensions@2023.7.3/node_modules/@shopify/ui-extensions",
      "link": true
    },
    "node_modules/@shopify/ui-extensions-react": {
      "resolved": "../../node_modules/.pnpm/@shopify+ui-extensions-react@2023.7.3_@shopify+ui-extensions@2023.7.3_react@17.0.2/node_modules/@shopify/ui-extensions-react",
      "link": true
    },
    "node_modules/@types/react": {
      "resolved": "../../node_modules/.pnpm/@types+react@17.0.80/node_modules/@types/react",
      "link": true
    },
    "node_modules/react": {
      "resolved": "../../node_modules/.pnpm/react@17.0.2/node_modules/react",
      "link": true
    }
  }
}
